
Microsoft Visual Studio Solution File, Format Version 12.00
# Visual Studio Version 17
VisualStudioVersion = 17.14.36121.58 d17.14
MinimumVisualStudioVersion = 10.0.40219.1
Project("{FAE04EC0-301F-11D3-BF4B-00C04F79EFBC}") = "StampbordAPI", "StampbordAPI.csproj", "{751EE5CF-2244-4578-9673-089C75E1E314}"
EndProject
Global
	GlobalSection(SolutionConfigurationPlatforms) = preSolution
		Debug|Any CPU = Debug|Any CPU
		Release|Any CPU = Release|Any CPU
	EndGlobalSection
	GlobalSection(ProjectConfigurationPlatforms) = postSolution
		{751EE5CF-2244-4578-9673-089C75E1E314}.Debug|Any CPU.ActiveCfg = Debug|Any CPU
		{751EE5CF-2244-4578-9673-089C75E1E314}.Debug|Any CPU.Build.0 = Debug|Any CPU
		{751EE5CF-2244-4578-9673-089C75E1E314}.Release|Any CPU.ActiveCfg = Release|Any CPU
		{751EE5CF-2244-4578-9673-089C75E1E314}.Release|Any CPU.Build.0 = Release|Any CPU
	EndGlobalSection
	GlobalSection(SolutionProperties) = preSolution
		HideSolutionNode = FALSE
	EndGlobalSection
	GlobalSection(ExtensibilityGlobals) = postSolution
		SolutionGuid = {B5983C40-871C-4775-A5D1-94716F698CA2}
	EndGlobalSection
EndGlobal
